
Microsoft Visual Studio Solution File, Format Version 12.00
# Visual Studio Version 17
VisualStudioVersion = 17.9.34723.18
MinimumVisualStudioVersion = 10.0.40219.1
Project("{FAE04EC0-301F-11D3-BF4B-00C04F79EFBC}") = "HotelManager", "HotelManager\HotelManager.csproj", "{D69624FF-A6DC-4F44-8328-85D319E779D7}"
EndProject
Project("{FAE04EC0-301F-11D3-BF4B-00C04F79EFBC}") = "CommonLibs", "CommonLibs\CommonLibs.csproj", "{1EDA4246-F0F9-4F90-A795-B575CDFFAACB}"
EndProject
Project("{FAE04EC0-301F-11D3-BF4B-00C04F79EFBC}") = "HotelManager.DataAccess", "HotelManager.DataAccess\HotelManager.DataAccess.csproj", "{BE319ECC-7930-41F2-B6F9-475DCF35E3B1}"
EndProject
Global
	GlobalSection(SolutionConfigurationPlatforms) = preSolution
		Debug|Any CPU = Debug|Any CPU
		Release|Any CPU = Release|Any CPU
	EndGlobalSection
	GlobalSection(ProjectConfigurationPlatforms) = postSolution
		{D69624FF-A6DC-4F44-8328-85D319E779D7}.Debug|Any CPU.ActiveCfg = Debug|Any CPU
		{D69624FF-A6DC-4F44-8328-85D319E779D7}.Debug|Any CPU.Build.0 = Debug|Any CPU
		{D69624FF-A6DC-4F44-8328-85D319E779D7}.Release|Any CPU.ActiveCfg = Release|Any CPU
		{D69624FF-A6DC-4F44-8328-85D319E779D7}.Release|Any CPU.Build.0 = Release|Any CPU
		{1EDA4246-F0F9-4F90-A795-B575CDFFAACB}.Debug|Any CPU.ActiveCfg = Debug|Any CPU
		{1EDA4246-F0F9-4F90-A795-B575CDFFAACB}.Debug|Any CPU.Build.0 = Debug|Any CPU
		{1EDA4246-F0F9-4F90-A795-B575CDFFAACB}.Release|Any CPU.ActiveCfg = Release|Any CPU
		{1EDA4246-F0F9-4F90-A795-B575CDFFAACB}.Release|Any CPU.Build.0 = Release|Any CPU
		{BE319ECC-7930-41F2-B6F9-475DCF35E3B1}.Debug|Any CPU.ActiveCfg = Debug|Any CPU
		{BE319ECC-7930-41F2-B6F9-475DCF35E3B1}.Debug|Any CPU.Build.0 = Debug|Any CPU
		{BE319ECC-7930-41F2-B6F9-475DCF35E3B1}.Release|Any CPU.ActiveCfg = Release|Any CPU
		{BE319ECC-7930-41F2-B6F9-475DCF35E3B1}.Release|Any CPU.Build.0 = Release|Any CPU
	EndGlobalSection
	GlobalSection(SolutionProperties) = preSolution
		HideSolutionNode = FALSE
	EndGlobalSection
	GlobalSection(ExtensibilityGlobals) = postSolution
		SolutionGuid = {302231BA-7375-42D0-9455-6FB4EE3B3FB6}
	EndGlobalSection
EndGlobal
